// !$*UTF8*$!
{
	archiveVersion = 1;
	classes = {
	};
	objectVersion = 46;
	objects = {

/* Begin PBXBuildFile section */
		0F092A7C17AFA22000E77CCE /* DataRequestViewController.m in Sources */ = {isa = PBXBuildFile; fileRef = 0F092A7717AFA22000E77CCE /* DataRequestViewController.m */; };
		0F092A7D17AFA22000E77CCE /* DataRequestViewController.xib in Resources */ = {isa = PBXBuildFile; fileRef = 0F092A7817AFA22000E77CCE /* DataRequestViewController.xib */; };
		0F092A7E17AFA22000E77CCE /* DataInfoTableViewController.m in Sources */ = {isa = PBXBuildFile; fileRef = 0F092A7A17AFA22000E77CCE /* DataInfoTableViewController.m */; };
		0F092A7F17AFA22000E77CCE /* DataInfoTableViewController.xib in Resources */ = {isa = PBXBuildFile; fileRef = 0F092A7B17AFA22000E77CCE /* DataInfoTableViewController.xib */; };
		0F17EB5C17A5F7DF00C9E16B /* AdEngines.m in Sources */ = {isa = PBXBuildFile; fileRef = 0F17EB5317A5F7DF00C9E16B /* AdEngines.m */; };
		0F17EB5D17A5F7DF00C9E16B /* AdAuth.m in Sources */ = {isa = PBXBuildFile; fileRef = 0F17EB5517A5F7DF00C9E16B /* AdAuth.m */; };
		0F17EB5E17A5F7DF00C9E16B /* AdAuthWebView.m in Sources */ = {isa = PBXBuildFile; fileRef = 0F17EB5717A5F7DF00C9E16B /* AdAuthWebView.m */; };
		0F17EB5F17A5F7DF00C9E16B /* AdRequest.m in Sources */ = {isa = PBXBuildFile; fileRef = 0F17EB5917A5F7DF00C9E16B /* AdRequest.m */; };
		0F17EB6017A5F7DF00C9E16B /* AllDefine.m in Sources */ = {isa = PBXBuildFile; fileRef = 0F17EB5B17A5F7DF00C9E16B /* AllDefine.m */; };
		0F17EB6317A64C7900C9E16B /* myCell.xib in Resources */ = {isa = PBXBuildFile; fileRef = 0F17EB6217A64C7900C9E16B /* myCell.xib */; };
		0F4FA947157393B5002A9F51 /* UIKit.framework in Frameworks */ = {isa = PBXBuildFile; fileRef = 0F4FA946157393B5002A9F51 /* UIKit.framework */; };
		0F4FA949157393B5002A9F51 /* Foundation.framework in Frameworks */ = {isa = PBXBuildFile; fileRef = 0F4FA948157393B5002A9F51 /* Foundation.framework */; };
		0F4FA94B157393B5002A9F51 /* CoreGraphics.framework in Frameworks */ = {isa = PBXBuildFile; fileRef = 0F4FA94A157393B5002A9F51 /* CoreGraphics.framework */; };
		0F4FA951157393B5002A9F51 /* InfoPlist.strings in Resources */ = {isa = PBXBuildFile; fileRef = 0F4FA94F157393B5002A9F51 /* InfoPlist.strings */; };
		0F4FA953157393B5002A9F51 /* main.m in Sources */ = {isa = PBXBuildFile; fileRef = 0F4FA952157393B5002A9F51 /* main.m */; };
		0F4FA957157393B5002A9F51 /* AppDelegate.m in Sources */ = {isa = PBXBuildFile; fileRef = 0F4FA956157393B5002A9F51 /* AppDelegate.m */; };
		0F89C6801574E76000515D9F /* NSObject+SBJSON.m in Sources */ = {isa = PBXBuildFile; fileRef = 0F89C6751574E76000515D9F /* NSObject+SBJSON.m */; };
		0F89C6811574E76000515D9F /* NSString+SBJSON.m in Sources */ = {isa = PBXBuildFile; fileRef = 0F89C6771574E76000515D9F /* NSString+SBJSON.m */; };
		0F89C6821574E76000515D9F /* SBJSON.m in Sources */ = {isa = PBXBuildFile; fileRef = 0F89C6791574E76000515D9F /* SBJSON.m */; };
		0F89C6831574E76000515D9F /* SBJsonBase.m in Sources */ = {isa = PBXBuildFile; fileRef = 0F89C67B1574E76000515D9F /* SBJsonBase.m */; };
		0F89C6841574E76000515D9F /* SBJsonParser.m in Sources */ = {isa = PBXBuildFile; fileRef = 0F89C67D1574E76000515D9F /* SBJsonParser.m */; };
		0F89C6851574E76000515D9F /* SBJsonWriter.m in Sources */ = {isa = PBXBuildFile; fileRef = 0F89C67F1574E76000515D9F /* SBJsonWriter.m */; };
		0F9819451575B3C4006840CC /* Security.framework in Frameworks */ = {isa = PBXBuildFile; fileRef = 0F9819441575B3C4006840CC /* Security.framework */; };
		0F9FA47A15B3A92F00A5313E /* SFHFKeychainUtils.m in Sources */ = {isa = PBXBuildFile; fileRef = 0F9FA47915B3A92F00A5313E /* SFHFKeychainUtils.m */; };
		0FDCC93B157EEFBC00F799F8 /* DetailDataCell.m in Sources */ = {isa = PBXBuildFile; fileRef = 0FDCC93A157EEFBC00F799F8 /* DetailDataCell.m */; };
		0FDCC93E157EEFD200F799F8 /* DetailDataCell.xib in Resources */ = {isa = PBXBuildFile; fileRef = 0FDCC93D157EEFD200F799F8 /* DetailDataCell.xib */; };
		0FE0A3A5157DA03B00A88338 /* up.png in Resources */ = {isa = PBXBuildFile; fileRef = 0FE0A3A4157DA03B00A88338 /* up.png */; };
		0FE0A3A8157DA04400A88338 /* down.png in Resources */ = {isa = PBXBuildFile; fileRef = 0FE0A3A7157DA04400A88338 /* down.png */; };
		0FED310D179FA2F10041A11D /* ViewController.m in Sources */ = {isa = PBXBuildFile; fileRef = 0FED3108179FA2F10041A11D /* ViewController.m */; };
		0FED310E179FA2F10041A11D /* ViewController.xib in Resources */ = {isa = PBXBuildFile; fileRef = 0FED3109179FA2F10041A11D /* ViewController.xib */; };
/* End PBXBuildFile section */

/* Begin PBXFileReference section */
		0F092A7617AFA22000E77CCE /* DataRequestViewController.h */ = {isa = PBXFileReference; fileEncoding = 4; lastKnownFileType = sourcecode.c.h; path = DataRequestViewController.h; sourceTree = "<group>"; };
		0F092A7717AFA22000E77CCE /* DataRequestViewController.m */ = {isa = PBXFileReference; fileEncoding = 4; lastKnownFileType = sourcecode.c.objc; path = DataRequestViewController.m; sourceTree = "<group>"; };
		0F092A7817AFA22000E77CCE /* DataRequestViewController.xib */ = {isa = PBXFileReference; fileEncoding = 4; lastKnownFileType = file.xib; path = DataRequestViewController.xib; sourceTree = "<group>"; };
		0F092A7917AFA22000E77CCE /* DataInfoTableViewController.h */ = {isa = PBXFileReference; fileEncoding = 4; lastKnownFileType = sourcecode.c.h; path = DataInfoTableViewController.h; sourceTree = "<group>"; };
		0F092A7A17AFA22000E77CCE /* DataInfoTableViewController.m */ = {isa = PBXFileReference; fileEncoding = 4; lastKnownFileType = sourcecode.c.objc; path = DataInfoTableViewController.m; sourceTree = "<group>"; };
		0F092A7B17AFA22000E77CCE /* DataInfoTableViewController.xib */ = {isa = PBXFileReference; fileEncoding = 4; lastKnownFileType = file.xib; path = DataInfoTableViewController.xib; sourceTree = "<group>"; };
		0F17EB5217A5F7DF00C9E16B /* AdEngines.h */ = {isa = PBXFileReference; fileEncoding = 4; lastKnownFileType = sourcecode.c.h; path = AdEngines.h; sourceTree = "<group>"; };
		0F17EB5317A5F7DF00C9E16B /* AdEngines.m */ = {isa = PBXFileReference; fileEncoding = 4; lastKnownFileType = sourcecode.c.objc; path = AdEngines.m; sourceTree = "<group>"; };
		0F17EB5417A5F7DF00C9E16B /* AdAuth.h */ = {isa = PBXFileReference; fileEncoding = 4; lastKnownFileType = sourcecode.c.h; path = AdAuth.h; sourceTree = "<group>"; };
		0F17EB5517A5F7DF00C9E16B /* AdAuth.m */ = {isa = PBXFileReference; fileEncoding = 4; lastKnownFileType = sourcecode.c.objc; path = AdAuth.m; sourceTree = "<group>"; };
		0F17EB5617A5F7DF00C9E16B /* AdAuthWebView.h */ = {isa = PBXFileReference; fileEncoding = 4; lastKnownFileType = sourcecode.c.h; path = AdAuthWebView.h; sourceTree = "<group>"; };
		0F17EB5717A5F7DF00C9E16B /* AdAuthWebView.m */ = {isa = PBXFileReference; fileEncoding = 4; lastKnownFileType = sourcecode.c.objc; path = AdAuthWebView.m; sourceTree = "<group>"; };
		0F17EB5817A5F7DF00C9E16B /* AdRequest.h */ = {isa = PBXFileReference; fileEncoding = 4; lastKnownFileType = sourcecode.c.h; path = AdRequest.h; sourceTree = "<group>"; };
		0F17EB5917A5F7DF00C9E16B /* AdRequest.m */ = {isa = PBXFileReference; fileEncoding = 4; lastKnownFileType = sourcecode.c.objc; path = AdRequest.m; sourceTree = "<group>"; };
		0F17EB5A17A5F7DF00C9E16B /* AllDefine.h */ = {isa = PBXFileReference; fileEncoding = 4; lastKnownFileType = sourcecode.c.h; path = AllDefine.h; sourceTree = "<group>"; };
		0F17EB5B17A5F7DF00C9E16B /* AllDefine.m */ = {isa = PBXFileReference; fileEncoding = 4; lastKnownFileType = sourcecode.c.objc; path = AllDefine.m; sourceTree = "<group>"; };
		0F17EB6217A64C7900C9E16B /* myCell.xib */ = {isa = PBXFileReference; fileEncoding = 4; lastKnownFileType = file.xib; path = myCell.xib; sourceTree = "<group>"; };
		0F4FA942157393B5002A9F51 /* OpenAPIzhengshi.app */ = {isa = PBXFileReference; explicitFileType = wrapper.application; includeInIndex = 0; path = OpenAPIzhengshi.app; sourceTree = BUILT_PRODUCTS_DIR; };
		0F4FA946157393B5002A9F51 /* UIKit.framework */ = {isa = PBXFileReference; lastKnownFileType = wrapper.framework; name = UIKit.framework; path = System/Library/Frameworks/UIKit.framework; sourceTree = SDKROOT; };
		0F4FA948157393B5002A9F51 /* Foundation.framework */ = {isa = PBXFileReference; lastKnownFileType = wrapper.framework; name = Foundation.framework; path = System/Library/Frameworks/Foundation.framework; sourceTree = SDKROOT; };
		0F4FA94A157393B5002A9F51 /* CoreGraphics.framework */ = {isa = PBXFileReference; lastKnownFileType = wrapper.framework; name = CoreGraphics.framework; path = System/Library/Frameworks/CoreGraphics.framework; sourceTree = SDKROOT; };
		0F4FA94E157393B5002A9F51 /* OpenAPIDemo-Info.plist */ = {isa = PBXFileReference; lastKnownFileType = text.plist.xml; path = "OpenAPIDemo-Info.plist"; sourceTree = "<group>"; };
		0F4FA950157393B5002A9F51 /* en */ = {isa = PBXFileReference; lastKnownFileType = text.plist.strings; name = en; path = en.lproj/InfoPlist.strings; sourceTree = "<group>"; };
		0F4FA952157393B5002A9F51 /* main.m */ = {isa = PBXFileReference; lastKnownFileType = sourcecode.c.objc; path = main.m; sourceTree = "<group>"; };
		0F4FA954157393B5002A9F51 /* OpenAPIDemo-Prefix.pch */ = {isa = PBXFileReference; lastKnownFileType = sourcecode.c.h; path = "OpenAPIDemo-Prefix.pch"; sourceTree = "<group>"; };
		0F4FA955157393B5002A9F51 /* AppDelegate.h */ = {isa = PBXFileReference; lastKnownFileType = sourcecode.c.h; path = AppDelegate.h; sourceTree = "<group>"; };
		0F4FA956157393B5002A9F51 /* AppDelegate.m */ = {isa = PBXFileReference; lastKnownFileType = sourcecode.c.objc; path = AppDelegate.m; sourceTree = "<group>"; };
		0F89C6731574E76000515D9F /* JSON.h */ = {isa = PBXFileReference; fileEncoding = 4; lastKnownFileType = sourcecode.c.h; path = JSON.h; sourceTree = "<group>"; };
		0F89C6741574E76000515D9F /* NSObject+SBJSON.h */ = {isa = PBXFileReference; fileEncoding = 4; lastKnownFileType = sourcecode.c.h; path = "NSObject+SBJSON.h"; sourceTree = "<group>"; };
		0F89C6751574E76000515D9F /* NSObject+SBJSON.m */ = {isa = PBXFileReference; fileEncoding = 4; lastKnownFileType = sourcecode.c.objc; path = "NSObject+SBJSON.m"; sourceTree = "<group>"; };
		0F89C6761574E76000515D9F /* NSString+SBJSON.h */ = {isa = PBXFileReference; fileEncoding = 4; lastKnownFileType = sourcecode.c.h; path = "NSString+SBJSON.h"; sourceTree = "<group>"; };
		0F89C6771574E76000515D9F /* NSString+SBJSON.m */ = {isa = PBXFileReference; fileEncoding = 4; lastKnownFileType = sourcecode.c.objc; path = "NSString+SBJSON.m"; sourceTree = "<group>"; };
		0F89C6781574E76000515D9F /* SBJSON.h */ = {isa = PBXFileReference; fileEncoding = 4; lastKnownFileType = sourcecode.c.h; path = SBJSON.h; sourceTree = "<group>"; };
		0F89C6791574E76000515D9F /* SBJSON.m */ = {isa = PBXFileReference; fileEncoding = 4; lastKnownFileType = sourcecode.c.objc; path = SBJSON.m; sourceTree = "<group>"; };
		0F89C67A1574E76000515D9F /* SBJsonBase.h */ = {isa = PBXFileReference; fileEncoding = 4; lastKnownFileType = sourcecode.c.h; path = SBJsonBase.h; sourceTree = "<group>"; };
		0F89C67B1574E76000515D9F /* SBJsonBase.m */ = {isa = PBXFileReference; fileEncoding = 4; lastKnownFileType = sourcecode.c.objc; path = SBJsonBase.m; sourceTree = "<group>"; };
		0F89C67C1574E76000515D9F /* SBJsonParser.h */ = {isa = PBXFileReference; fileEncoding = 4; lastKnownFileType = sourcecode.c.h; path = SBJsonParser.h; sourceTree = "<group>"; };
		0F89C67D1574E76000515D9F /* SBJsonParser.m */ = {isa = PBXFileReference; fileEncoding = 4; lastKnownFileType = sourcecode.c.objc; path = SBJsonParser.m; sourceTree = "<group>"; };
		0F89C67E1574E76000515D9F /* SBJsonWriter.h */ = {isa = PBXFileReference; fileEncoding = 4; lastKnownFileType = sourcecode.c.h; path = SBJsonWriter.h; sourceTree = "<group>"; };
		0F89C67F1574E76000515D9F /* SBJsonWriter.m */ = {isa = PBXFileReference; fileEncoding = 4; lastKnownFileType = sourcecode.c.objc; path = SBJsonWriter.m; sourceTree = "<group>"; };
		0F9819441575B3C4006840CC /* Security.framework */ = {isa = PBXFileReference; lastKnownFileType = wrapper.framework; name = Security.framework; path = System/Library/Frameworks/Security.framework; sourceTree = SDKROOT; };
		0F9FA47815B3A92F00A5313E /* SFHFKeychainUtils.h */ = {isa = PBXFileReference; fileEncoding = 4; lastKnownFileType = sourcecode.c.h; path = SFHFKeychainUtils.h; sourceTree = "<group>"; };
		0F9FA47915B3A92F00A5313E /* SFHFKeychainUtils.m */ = {isa = PBXFileReference; fileEncoding = 4; lastKnownFileType = sourcecode.c.objc; path = SFHFKeychainUtils.m; sourceTree = "<group>"; };
		0FDCC939157EEFBC00F799F8 /* DetailDataCell.h */ = {isa = PBXFileReference; fileEncoding = 4; lastKnownFileType = sourcecode.c.h; path = DetailDataCell.h; sourceTree = "<group>"; };
		0FDCC93A157EEFBC00F799F8 /* DetailDataCell.m */ = {isa = PBXFileReference; fileEncoding = 4; lastKnownFileType = sourcecode.c.objc; path = DetailDataCell.m; sourceTree = "<group>"; };
		0FDCC93D157EEFD200F799F8 /* DetailDataCell.xib */ = {isa = PBXFileReference; fileEncoding = 4; lastKnownFileType = file.xib; path = DetailDataCell.xib; sourceTree = "<group>"; };
		0FE0A3A4157DA03B00A88338 /* up.png */ = {isa = PBXFileReference; lastKnownFileType = image.png; path = up.png; sourceTree = "<group>"; };
		0FE0A3A7157DA04400A88338 /* down.png */ = {isa = PBXFileReference; lastKnownFileType = image.png; path = down.png; sourceTree = "<group>"; };
		0FED3107179FA2F10041A11D /* ViewController.h */ = {isa = PBXFileReference; fileEncoding = 4; lastKnownFileType = sourcecode.c.h; path = ViewController.h; sourceTree = "<group>"; };
		0FED3108179FA2F10041A11D /* ViewController.m */ = {isa = PBXFileReference; fileEncoding = 4; lastKnownFileType = sourcecode.c.objc; path = ViewController.m; sourceTree = "<group>"; };
		0FED3109179FA2F10041A11D /* ViewController.xib */ = {isa = PBXFileReference; fileEncoding = 4; lastKnownFileType = file.xib; path = ViewController.xib; sourceTree = "<group>"; };
/* End PBXFileReference section */

/* Begin PBXFrameworksBuildPhase section */
		0F4FA93F157393B5002A9F51 /* Frameworks */ = {
			isa = PBXFrameworksBuildPhase;
			buildActionMask = 2147483647;
			files = (
				0F9819451575B3C4006840CC /* Security.framework in Frameworks */,
				0F4FA947157393B5002A9F51 /* UIKit.framework in Frameworks */,
				0F4FA949157393B5002A9F51 /* Foundation.framework in Frameworks */,
				0F4FA94B157393B5002A9F51 /* CoreGraphics.framework in Frameworks */,
			);
			runOnlyForDeploymentPostprocessing = 0;
		};
/* End PBXFrameworksBuildPhase section */

/* Begin PBXGroup section */
		0F4FA937157393B5002A9F51 = {
			isa = PBXGroup;
			children = (
				0F9FA47715B3A92F00A5313E /* SFHFKeychainUtils */,
				0F89C6721574E76000515D9F /* SBJSON */,
				0FD9F7C91575EDBD0099C468 /* OpenAPI */,
				0F4FA94C157393B5002A9F51 /* OpenAPIDemo */,
				0F4FA945157393B5002A9F51 /* Frameworks */,
				0F4FA943157393B5002A9F51 /* Products */,
			);
			sourceTree = "<group>";
		};
		0F4FA943157393B5002A9F51 /* Products */ = {
			isa = PBXGroup;
			children = (
				0F4FA942157393B5002A9F51 /* OpenAPIzhengshi.app */,
			);
			name = Products;
			sourceTree = "<group>";
		};
		0F4FA945157393B5002A9F51 /* Frameworks */ = {
			isa = PBXGroup;
			children = (
				0F9819441575B3C4006840CC /* Security.framework */,
				0F4FA946157393B5002A9F51 /* UIKit.framework */,
				0F4FA948157393B5002A9F51 /* Foundation.framework */,
				0F4FA94A157393B5002A9F51 /* CoreGraphics.framework */,
			);
			name = Frameworks;
			sourceTree = "<group>";
		};
		0F4FA94C157393B5002A9F51 /* OpenAPIDemo */ = {
			isa = PBXGroup;
			children = (
				0F4FA955157393B5002A9F51 /* AppDelegate.h */,
				0F4FA956157393B5002A9F51 /* AppDelegate.m */,
				0FED3107179FA2F10041A11D /* ViewController.h */,
				0FED3108179FA2F10041A11D /* ViewController.m */,
				0FED3109179FA2F10041A11D /* ViewController.xib */,
				0F092A7617AFA22000E77CCE /* DataRequestViewController.h */,
				0F092A7717AFA22000E77CCE /* DataRequestViewController.m */,
				0F092A7817AFA22000E77CCE /* DataRequestViewController.xib */,
				0F092A7917AFA22000E77CCE /* DataInfoTableViewController.h */,
				0F092A7A17AFA22000E77CCE /* DataInfoTableViewController.m */,
				0F092A7B17AFA22000E77CCE /* DataInfoTableViewController.xib */,
				0FDCC939157EEFBC00F799F8 /* DetailDataCell.h */,
				0FDCC93A157EEFBC00F799F8 /* DetailDataCell.m */,
				0FDCC93D157EEFD200F799F8 /* DetailDataCell.xib */,
				0F17EB6217A64C7900C9E16B /* myCell.xib */,
				0F4FA94D157393B5002A9F51 /* Supporting Files */,
			);
			path = OpenAPIDemo;
			sourceTree = "<group>";
		};
		0F4FA94D157393B5002A9F51 /* Supporting Files */ = {
			isa = PBXGroup;
			children = (
				0FE0A3A7157DA04400A88338 /* down.png */,
				0FE0A3A4157DA03B00A88338 /* up.png */,
				0F4FA94E157393B5002A9F51 /* OpenAPIDemo-Info.plist */,
				0F4FA94F157393B5002A9F51 /* InfoPlist.strings */,
				0F4FA952157393B5002A9F51 /* main.m */,
				0F4FA954157393B5002A9F51 /* OpenAPIDemo-Prefix.pch */,
			);
			name = "Supporting Files";
			sourceTree = "<group>";
		};
		0F89C6721574E76000515D9F /* SBJSON */ = {
			isa = PBXGroup;
			children = (
				0F89C6731574E76000515D9F /* JSON.h */,
				0F89C6741574E76000515D9F /* NSObject+SBJSON.h */,
				0F89C6751574E76000515D9F /* NSObject+SBJSON.m */,
				0F89C6761574E76000515D9F /* NSString+SBJSON.h */,
				0F89C6771574E76000515D9F /* NSString+SBJSON.m */,
				0F89C6781574E76000515D9F /* SBJSON.h */,
				0F89C6791574E76000515D9F /* SBJSON.m */,
				0F89C67A1574E76000515D9F /* SBJsonBase.h */,
				0F89C67B1574E76000515D9F /* SBJsonBase.m */,
				0F89C67C1574E76000515D9F /* SBJsonParser.h */,
				0F89C67D1574E76000515D9F /* SBJsonParser.m */,
				0F89C67E1574E76000515D9F /* SBJsonWriter.h */,
				0F89C67F1574E76000515D9F /* SBJsonWriter.m */,
			);
			name = SBJSON;
			path = OpenAPIDemo/SBJSON;
			sourceTree = "<group>";
		};
		0F9FA47715B3A92F00A5313E /* SFHFKeychainUtils */ = {
			isa = PBXGroup;
			children = (
				0F9FA47815B3A92F00A5313E /* SFHFKeychainUtils.h */,
				0F9FA47915B3A92F00A5313E /* SFHFKeychainUtils.m */,
			);
			name = SFHFKeychainUtils;
			path = OpenAPIDemo/SFHFKeychainUtils;
			sourceTree = "<group>";
		};
		0FD9F7C91575EDBD0099C468 /* OpenAPI */ = {
			isa = PBXGroup;
			children = (
				0F17EB5217A5F7DF00C9E16B /* AdEngines.h */,
				0F17EB5317A5F7DF00C9E16B /* AdEngines.m */,
				0F17EB5417A5F7DF00C9E16B /* AdAuth.h */,
				0F17EB5517A5F7DF00C9E16B /* AdAuth.m */,
				0F17EB5617A5F7DF00C9E16B /* AdAuthWebView.h */,
				0F17EB5717A5F7DF00C9E16B /* AdAuthWebView.m */,
				0F17EB5817A5F7DF00C9E16B /* AdRequest.h */,
				0F17EB5917A5F7DF00C9E16B /* AdRequest.m */,
				0F17EB5A17A5F7DF00C9E16B /* AllDefine.h */,
				0F17EB5B17A5F7DF00C9E16B /* AllDefine.m */,
			);
			name = OpenAPI;
			path = OpenAPIDemo;
			sourceTree = "<group>";
		};
/* End PBXGroup section */

/* Begin PBXNativeTarget section */
		0F4FA941157393B5002A9F51 /* OpenAPIzhengshi */ = {
			isa = PBXNativeTarget;
			buildConfigurationList = 0F4FA960157393B5002A9F51 /* Build configuration list for PBXNativeTarget "OpenAPIzhengshi" */;
			buildPhases = (
				0F4FA93E157393B5002A9F51 /* Sources */,
				0F4FA93F157393B5002A9F51 /* Frameworks */,
				0F4FA940157393B5002A9F51 /* Resources */,
			);
			buildRules = (
			);
			dependencies = (
			);
			name = OpenAPIzhengshi;
			productName = OpenAPIDemo;
			productReference = 0F4FA942157393B5002A9F51 /* OpenAPIzhengshi.app */;
			productType = "com.apple.product-type.application";
		};
/* End PBXNativeTarget section */

/* Begin PBXProject section */
		0F4FA939157393B5002A9F51 /* Project object */ = {
			isa = PBXProject;
			attributes = {
				LastUpgradeCheck = 0430;
			};
			buildConfigurationList = 0F4FA93C157393B5002A9F51 /* Build configuration list for PBXProject "OpenAPIDemo" */;
			compatibilityVersion = "Xcode 3.2";
			developmentRegion = English;
			hasScannedForEncodings = 0;
			knownRegions = (
				en,
			);
			mainGroup = 0F4FA937157393B5002A9F51;
			productRefGroup = 0F4FA943157393B5002A9F51 /* Products */;
			projectDirPath = "";
			projectRoot = "";
			targets = (
				0F4FA941157393B5002A9F51 /* OpenAPIzhengshi */,
			);
		};
/* End PBXProject section */

/* Begin PBXResourcesBuildPhase section */
		0F4FA940157393B5002A9F51 /* Resources */ = {
			isa = PBXResourcesBuildPhase;
			buildActionMask = 2147483647;
			files = (
				0F4FA951157393B5002A9F51 /* InfoPlist.strings in Resources */,
				0FE0A3A5157DA03B00A88338 /* up.png in Resources */,
				0FE0A3A8157DA04400A88338 /* down.png in Resources */,
				0FDCC93E157EEFD200F799F8 /* DetailDataCell.xib in Resources */,
				0FED310E179FA2F10041A11D /* ViewController.xib in Resources */,
				0F17EB6317A64C7900C9E16B /* myCell.xib in Resources */,
				0F092A7D17AFA22000E77CCE /* DataRequestViewController.xib in Resources */,
				0F092A7F17AFA22000E77CCE /* DataInfoTableViewController.xib in Resources */,
			);
			runOnlyForDeploymentPostprocessing = 0;
		};
/* End PBXResourcesBuildPhase section */

/* Begin PBXSourcesBuildPhase section */
		0F4FA93E157393B5002A9F51 /* Sources */ = {
			isa = PBXSourcesBuildPhase;
			buildActionMask = 2147483647;
			files = (
				0F4FA953157393B5002A9F51 /* main.m in Sources */,
				0F4FA957157393B5002A9F51 /* AppDelegate.m in Sources */,
				0F89C6801574E76000515D9F /* NSObject+SBJSON.m in Sources */,
				0F89C6811574E76000515D9F /* NSString+SBJSON.m in Sources */,
				0F89C6821574E76000515D9F /* SBJSON.m in Sources */,
				0F89C6831574E76000515D9F /* SBJsonBase.m in Sources */,
				0F89C6841574E76000515D9F /* SBJsonParser.m in Sources */,
				0F89C6851574E76000515D9F /* SBJsonWriter.m in Sources */,
				0FDCC93B157EEFBC00F799F8 /* DetailDataCell.m in Sources */,
				0F9FA47A15B3A92F00A5313E /* SFHFKeychainUtils.m in Sources */,
				0FED310D179FA2F10041A11D /* ViewController.m in Sources */,
				0F17EB5C17A5F7DF00C9E16B /* AdEngines.m in Sources */,
				0F17EB5D17A5F7DF00C9E16B /* AdAuth.m in Sources */,
				0F17EB5E17A5F7DF00C9E16B /* AdAuthWebView.m in Sources */,
				0F17EB5F17A5F7DF00C9E16B /* AdRequest.m in Sources */,
				0F17EB6017A5F7DF00C9E16B /* AllDefine.m in Sources */,
				0F092A7C17AFA22000E77CCE /* DataRequestViewController.m in Sources */,
				0F092A7E17AFA22000E77CCE /* DataInfoTableViewController.m in Sources */,
			);
			runOnlyForDeploymentPostprocessing = 0;
		};
/* End PBXSourcesBuildPhase section */

/* Begin PBXVariantGroup section */
		0F4FA94F157393B5002A9F51 /* InfoPlist.strings */ = {
			isa = PBXVariantGroup;
			children = (
				0F4FA950157393B5002A9F51 /* en */,
			);
			name = InfoPlist.strings;
			sourceTree = "<group>";
		};
/* End PBXVariantGroup section */

/* Begin XCBuildConfiguration section */
		0F4FA95E157393B5002A9F51 /* Debug */ = {
			isa = XCBuildConfiguration;
			buildSettings = {
				ALWAYS_SEARCH_USER_PATHS = NO;
				ARCHS = "$(ARCHS_STANDARD_32_BIT)";
				"CODE_SIGN_IDENTITY[sdk=iphoneos*]" = "iPhone Developer";
				COPY_PHASE_STRIP = NO;
				GCC_C_LANGUAGE_STANDARD = gnu99;
				GCC_DYNAMIC_NO_PIC = NO;
				GCC_OPTIMIZATION_LEVEL = 0;
				GCC_PREPROCESSOR_DEFINITIONS = (
					"DEBUG=1",
					"$(inherited)",
				);
				GCC_SYMBOLS_PRIVATE_EXTERN = NO;
				GCC_VERSION = com.apple.compilers.llvm.clang.1_0;
				GCC_WARN_ABOUT_RETURN_TYPE = YES;
				GCC_WARN_UNINITIALIZED_AUTOS = YES;
				GCC_WARN_UNUSED_VARIABLE = YES;
				IPHONEOS_DEPLOYMENT_TARGET = 5.0;
				SDKROOT = iphoneos;
			};
			name = Debug;
		};
		0F4FA95F157393B5002A9F51 /* Release */ = {
			isa = XCBuildConfiguration;
			buildSettings = {
				ALWAYS_SEARCH_USER_PATHS = NO;
				ARCHS = "$(ARCHS_STANDARD_32_BIT)";
				"CODE_SIGN_IDENTITY[sdk=iphoneos*]" = "iPhone Developer";
				COPY_PHASE_STRIP = YES;
				GCC_C_LANGUAGE_STANDARD = gnu99;
				GCC_VERSION = com.apple.compilers.llvm.clang.1_0;
				GCC_WARN_ABOUT_RETURN_TYPE = YES;
				GCC_WARN_UNINITIALIZED_AUTOS = YES;
				GCC_WARN_UNUSED_VARIABLE = YES;
				IPHONEOS_DEPLOYMENT_TARGET = 5.0;
				OTHER_CFLAGS = "-DNS_BLOCK_ASSERTIONS=1";
				SDKROOT = iphoneos;
				VALIDATE_PRODUCT = YES;
			};
			name = Release;
		};
		0F4FA961157393B5002A9F51 /* Debug */ = {
			isa = XCBuildConfiguration;
			buildSettings = {
				GCC_PRECOMPILE_PREFIX_HEADER = YES;
				GCC_PREFIX_HEADER = "OpenAPIDemo/OpenAPIDemo-Prefix.pch";
				INFOPLIST_FILE = "OpenAPIDemo/OpenAPIDemo-Info.plist";
				IPHONEOS_DEPLOYMENT_TARGET = 5.0;
				PRODUCT_NAME = "$(TARGET_NAME)";
				TARGETED_DEVICE_FAMILY = "1,2";
				WRAPPER_EXTENSION = app;
			};
			name = Debug;
		};
		0F4FA962157393B5002A9F51 /* Release */ = {
			isa = XCBuildConfiguration;
			buildSettings = {
				GCC_PRECOMPILE_PREFIX_HEADER = YES;
				GCC_PREFIX_HEADER = "OpenAPIDemo/OpenAPIDemo-Prefix.pch";
				INFOPLIST_FILE = "OpenAPIDemo/OpenAPIDemo-Info.plist";
				IPHONEOS_DEPLOYMENT_TARGET = 5.0;
				PRODUCT_NAME = "$(TARGET_NAME)";
				TARGETED_DEVICE_FAMILY = "1,2";
				WRAPPER_EXTENSION = app;
			};
			name = Release;
		};
/* End XCBuildConfiguration section */

/* Begin XCConfigurationList section */
		0F4FA93C157393B5002A9F51 /* Build configuration list for PBXProject "OpenAPIDemo" */ = {
			isa = XCConfigurationList;
			buildConfigurations = (
				0F4FA95E157393B5002A9F51 /* Debug */,
				0F4FA95F157393B5002A9F51 /* Release */,
			);
			defaultConfigurationIsVisible = 0;
			defaultConfigurationName = Release;
		};
		0F4FA960157393B5002A9F51 /* Build configuration list for PBXNativeTarget "OpenAPIzhengshi" */ = {
			isa = XCConfigurationList;
			buildConfigurations = (
				0F4FA961157393B5002A9F51 /* Debug */,
				0F4FA962157393B5002A9F51 /* Release */,
			);
			defaultConfigurationIsVisible = 0;
			defaultConfigurationName = Release;
		};
/* End XCConfigurationList section */
	};
	rootObject = 0F4FA939157393B5002A9F51 /* Project object */;
}
